
Microsoft Visual Studio Solution File, Format Version 10.00
# Visual Studio 2008
Project("{FAE04EC0-301F-11D3-BF4B-00C04F79EFBC}") = "Stock.Web", "Stock.Web\Stock.Web.csproj", "{D0A8082B-D089-465E-89DE-66E8A2867A9A}"
EndProject
Global
	GlobalSection(SolutionConfigurationPlatforms) = preSolution
		Debug|Any CPU = Debug|Any CPU
		Release|Any CPU = Release|Any CPU
	EndGlobalSection
	GlobalSection(ProjectConfigurationPlatforms) = postSolution
		{D0A8082B-D089-465E-89DE-66E8A2867A9A}.Debug|Any CPU.ActiveCfg = Debug|Any CPU
		{D0A8082B-D089-465E-89DE-66E8A2867A9A}.Debug|Any CPU.Build.0 = Debug|Any CPU
		{D0A8082B-D089-465E-89DE-66E8A2867A9A}.Release|Any CPU.ActiveCfg = Release|Any CPU
		{D0A8082B-D089-465E-89DE-66E8A2867A9A}.Release|Any CPU.Build.0 = Release|Any CPU
	EndGlobalSection
	GlobalSection(SolutionProperties) = preSolution
		HideSolutionNode = FALSE
	EndGlobalSection
EndGlobal
